// !$*UTF8*$!
{
	archiveVersion = 1;
	classes = {
	};
	objectVersion = 56;
	objects = {

/* Begin PBXBuildFile section */
		5524B59728EC3837007354DB /* FirebaseAnalytics in Frameworks */ = {isa = PBXBuildFile; productRef = 5524B59628EC3837007354DB /* FirebaseAnalytics */; };
		5524B59928EC3837007354DB /* FirebaseAuth in Frameworks */ = {isa = PBXBuildFile; productRef = 5524B59828EC3837007354DB /* FirebaseAuth */; };
		5524B59B28EC3837007354DB /* FirebaseDatabase in Frameworks */ = {isa = PBXBuildFile; productRef = 5524B59A28EC3837007354DB /* FirebaseDatabase */; };
		5524B59D28EC454F007354DB /* SignUp.storyboard in Resources */ = {isa = PBXBuildFile; fileRef = 5524B59C28EC454F007354DB /* SignUp.storyboard */; };
		5524B59F28EC470C007354DB /* SignUpViewController.swift in Sources */ = {isa = PBXBuildFile; fileRef = 5524B59E28EC470C007354DB /* SignUpViewController.swift */; };
		5554352328F061D9008ED8DB /* GoogleService-Info.plist in Resources */ = {isa = PBXBuildFile; fileRef = 5554352228F061D9008ED8DB /* GoogleService-Info.plist */; };
		5568851A28EFFB83004F211E /* User.swift in Sources */ = {isa = PBXBuildFile; fileRef = 5568851928EFFB83004F211E /* User.swift */; };
		5568851C28F00514004F211E /* AppContext.swift in Sources */ = {isa = PBXBuildFile; fileRef = 5568851B28F00514004F211E /* AppContext.swift */; };
		5581C87628EAD1C900728C40 /* AppDelegate.swift in Sources */ = {isa = PBXBuildFile; fileRef = 5581C87528EAD1C900728C40 /* AppDelegate.swift */; };
		5581C87828EAD1C900728C40 /* SceneDelegate.swift in Sources */ = {isa = PBXBuildFile; fileRef = 5581C87728EAD1C900728C40 /* SceneDelegate.swift */; };
		5581C88028EAD1C900728C40 /* RemindersApp.xcdatamodeld in Sources */ = {isa = PBXBuildFile; fileRef = 5581C87E28EAD1C900728C40 /* RemindersApp.xcdatamodeld */; };
		5581C88228EAD1CB00728C40 /* Assets.xcassets in Resources */ = {isa = PBXBuildFile; fileRef = 5581C88128EAD1CB00728C40 /* Assets.xcassets */; };
		5581C88528EAD1CB00728C40 /* LaunchScreen.storyboard in Resources */ = {isa = PBXBuildFile; fileRef = 5581C88328EAD1CB00728C40 /* LaunchScreen.storyboard */; };
		5581C88D28EAD2CA00728C40 /* SignIn.storyboard in Resources */ = {isa = PBXBuildFile; fileRef = 5581C88C28EAD2CA00728C40 /* SignIn.storyboard */; };
		5581C88F28EAE21F00728C40 /* SignInViewController.swift in Sources */ = {isa = PBXBuildFile; fileRef = 5581C88E28EAE21F00728C40 /* SignInViewController.swift */; };
		558A379928EED94900801DAE /* AuthPresenter.swift in Sources */ = {isa = PBXBuildFile; fileRef = 558A379828EED94900801DAE /* AuthPresenter.swift */; };
		558A379D28EED9E000801DAE /* MainPresenter.swift in Sources */ = {isa = PBXBuildFile; fileRef = 558A379C28EED9E000801DAE /* MainPresenter.swift */; };
		558A37A628EEFD6000801DAE /* AuthService.swift in Sources */ = {isa = PBXBuildFile; fileRef = 558A37A528EEFD6000801DAE /* AuthService.swift */; };
		55EFAA4F28F3FE60004171F0 /* ReminderTableViewCell.swift in Sources */ = {isa = PBXBuildFile; fileRef = 55EFAA4E28F3FE5F004171F0 /* ReminderTableViewCell.swift */; };
		55EFAA5128F40EA3004171F0 /* Reminder.swift in Sources */ = {isa = PBXBuildFile; fileRef = 55EFAA5028F40EA3004171F0 /* Reminder.swift */; };
		772BC0BB28FD6F6000426F6C /* ReminderItem+CoreDataClass.swift in Sources */ = {isa = PBXBuildFile; fileRef = 772BC0B928FD6F6000426F6C /* ReminderItem+CoreDataClass.swift */; };
		772BC0BC28FD6F6000426F6C /* ReminderItem+CoreDataProperties.swift in Sources */ = {isa = PBXBuildFile; fileRef = 772BC0BA28FD6F6000426F6C /* ReminderItem+CoreDataProperties.swift */; };
		7735B52328F6E798000946AD /* Date+Ext.swift in Sources */ = {isa = PBXBuildFile; fileRef = 7735B52228F6E798000946AD /* Date+Ext.swift */; };
		7735B52528F6F9C7000946AD /* ReminderSectionHeader.swift in Sources */ = {isa = PBXBuildFile; fileRef = 7735B52428F6F9C7000946AD /* ReminderSectionHeader.swift */; };
		7735B52B28F70569000946AD /* ReminderSectionHeader.xib in Resources */ = {isa = PBXBuildFile; fileRef = 7735B52A28F70569000946AD /* ReminderSectionHeader.xib */; };
		7735B52D28F70BE9000946AD /* ReminderRow.swift in Sources */ = {isa = PBXBuildFile; fileRef = 7735B52C28F70BE9000946AD /* ReminderRow.swift */; };
		7741033C28F94274009041F9 /* CreateEditReminderViewController.swift in Sources */ = {isa = PBXBuildFile; fileRef = 7741033B28F94274009041F9 /* CreateEditReminderViewController.swift */; };
		7741034028F9886E009041F9 /* CreateEditPresenter.swift in Sources */ = {isa = PBXBuildFile; fileRef = 7741033F28F9886E009041F9 /* CreateEditPresenter.swift */; };
		7761A22F28F5872600004144 /* SectionReminders.swift in Sources */ = {isa = PBXBuildFile; fileRef = 7761A22E28F5872600004144 /* SectionReminders.swift */; };
		7761A23128F59A8B00004144 /* ReminderCell.xib in Resources */ = {isa = PBXBuildFile; fileRef = 7761A23028F59A8B00004144 /* ReminderCell.xib */; };
		7773F5FC28F83CC8009FF41E /* MainViewController.swift in Sources */ = {isa = PBXBuildFile; fileRef = 7773F5FA28F83CC8009FF41E /* MainViewController.swift */; };
		7773F5FD28F83CC8009FF41E /* MainViewController.xib in Resources */ = {isa = PBXBuildFile; fileRef = 7773F5FB28F83CC8009FF41E /* MainViewController.xib */; };
		778844C128FE9AD3006650BA /* UITextFieldWithPadding.swift in Sources */ = {isa = PBXBuildFile; fileRef = 778844C028FE9AD3006650BA /* UITextFieldWithPadding.swift */; };
		778844C328FE9AFB006650BA /* UITextViewWithPlaceholder.swift in Sources */ = {isa = PBXBuildFile; fileRef = 778844C228FE9AFB006650BA /* UITextViewWithPlaceholder.swift */; };
		778ABFCE290128390015AB78 /* String+Ext.swift in Sources */ = {isa = PBXBuildFile; fileRef = 778ABFCD290128390015AB78 /* String+Ext.swift */; };
		77CF2AC729015E3E00A8BA92 /* CoreDataManager.swift in Sources */ = {isa = PBXBuildFile; fileRef = 77CF2AC629015E3E00A8BA92 /* CoreDataManager.swift */; };
		AB6CED67A3EE53A5AD2C4AEE /* Pods_RemindersApp.framework in Frameworks */ = {isa = PBXBuildFile; fileRef = 12751749FC442E8A10CFADC5 /* Pods_RemindersApp.framework */; };
/* End PBXBuildFile section */

/* Begin PBXFileReference section */
		12751749FC442E8A10CFADC5 /* Pods_RemindersApp.framework */ = {isa = PBXFileReference; explicitFileType = wrapper.framework; includeInIndex = 0; path = Pods_RemindersApp.framework; sourceTree = BUILT_PRODUCTS_DIR; };
		5524B59C28EC454F007354DB /* SignUp.storyboard */ = {isa = PBXFileReference; lastKnownFileType = file.storyboard; path = SignUp.storyboard; sourceTree = "<group>"; };
		5524B59E28EC470C007354DB /* SignUpViewController.swift */ = {isa = PBXFileReference; lastKnownFileType = sourcecode.swift; path = SignUpViewController.swift; sourceTree = "<group>"; };
		5554352228F061D9008ED8DB /* GoogleService-Info.plist */ = {isa = PBXFileReference; fileEncoding = 4; lastKnownFileType = text.plist.xml; path = "GoogleService-Info.plist"; sourceTree = "<group>"; };
		5568851928EFFB83004F211E /* User.swift */ = {isa = PBXFileReference; lastKnownFileType = sourcecode.swift; path = User.swift; sourceTree = "<group>"; };
		5568851B28F00514004F211E /* AppContext.swift */ = {isa = PBXFileReference; lastKnownFileType = sourcecode.swift; path = AppContext.swift; sourceTree = "<group>"; };
		5581C87228EAD1C900728C40 /* RemindersApp.app */ = {isa = PBXFileReference; explicitFileType = wrapper.application; includeInIndex = 0; path = RemindersApp.app; sourceTree = BUILT_PRODUCTS_DIR; };
		5581C87528EAD1C900728C40 /* AppDelegate.swift */ = {isa = PBXFileReference; lastKnownFileType = sourcecode.swift; path = AppDelegate.swift; sourceTree = "<group>"; };
		5581C87728EAD1C900728C40 /* SceneDelegate.swift */ = {isa = PBXFileReference; lastKnownFileType = sourcecode.swift; path = SceneDelegate.swift; sourceTree = "<group>"; };
		5581C87F28EAD1C900728C40 /* RemindersApp.xcdatamodel */ = {isa = PBXFileReference; lastKnownFileType = wrapper.xcdatamodel; path = RemindersApp.xcdatamodel; sourceTree = "<group>"; };
		5581C88128EAD1CB00728C40 /* Assets.xcassets */ = {isa = PBXFileReference; lastKnownFileType = folder.assetcatalog; path = Assets.xcassets; sourceTree = "<group>"; };
		5581C88428EAD1CB00728C40 /* Base */ = {isa = PBXFileReference; lastKnownFileType = file.storyboard; name = Base; path = Base.lproj/LaunchScreen.storyboard; sourceTree = "<group>"; };
		5581C88628EAD1CB00728C40 /* Info.plist */ = {isa = PBXFileReference; lastKnownFileType = text.plist.xml; path = Info.plist; sourceTree = "<group>"; };
		5581C88C28EAD2CA00728C40 /* SignIn.storyboard */ = {isa = PBXFileReference; lastKnownFileType = file.storyboard; path = SignIn.storyboard; sourceTree = "<group>"; };
		5581C88E28EAE21F00728C40 /* SignInViewController.swift */ = {isa = PBXFileReference; lastKnownFileType = sourcecode.swift; path = SignInViewController.swift; sourceTree = "<group>"; };
		558A379828EED94900801DAE /* AuthPresenter.swift */ = {isa = PBXFileReference; lastKnownFileType = sourcecode.swift; path = AuthPresenter.swift; sourceTree = "<group>"; };
		558A379C28EED9E000801DAE /* MainPresenter.swift */ = {isa = PBXFileReference; lastKnownFileType = sourcecode.swift; path = MainPresenter.swift; sourceTree = "<group>"; };
		558A37A528EEFD6000801DAE /* AuthService.swift */ = {isa = PBXFileReference; lastKnownFileType = sourcecode.swift; path = AuthService.swift; sourceTree = "<group>"; };
		55EFAA4E28F3FE5F004171F0 /* ReminderTableViewCell.swift */ = {isa = PBXFileReference; lastKnownFileType = sourcecode.swift; path = ReminderTableViewCell.swift; sourceTree = "<group>"; };
		55EFAA5028F40EA3004171F0 /* Reminder.swift */ = {isa = PBXFileReference; lastKnownFileType = sourcecode.swift; path = Reminder.swift; sourceTree = "<group>"; };
		58E96A4BC2E2A0C485F0C1A1 /* Pods-RemindersApp.release.xcconfig */ = {isa = PBXFileReference; includeInIndex = 1; lastKnownFileType = text.xcconfig; name = "Pods-RemindersApp.release.xcconfig"; path = "Target Support Files/Pods-RemindersApp/Pods-RemindersApp.release.xcconfig"; sourceTree = "<group>"; };
		5A09055A056CC9A14799BFD7 /* Pods-RemindersApp.debug.xcconfig */ = {isa = PBXFileReference; includeInIndex = 1; lastKnownFileType = text.xcconfig; name = "Pods-RemindersApp.debug.xcconfig"; path = "Target Support Files/Pods-RemindersApp/Pods-RemindersApp.debug.xcconfig"; sourceTree = "<group>"; };
		772BC0B928FD6F6000426F6C /* ReminderItem+CoreDataClass.swift */ = {isa = PBXFileReference; lastKnownFileType = sourcecode.swift; name = "ReminderItem+CoreDataClass.swift"; path = "RemindersApp/Business Logic/Database/Model/ReminderItem+CoreDataClass.swift"; sourceTree = SOURCE_ROOT; };
		772BC0BA28FD6F6000426F6C /* ReminderItem+CoreDataProperties.swift */ = {isa = PBXFileReference; lastKnownFileType = sourcecode.swift; name = "ReminderItem+CoreDataProperties.swift"; path = "RemindersApp/Business Logic/Database/Model/ReminderItem+CoreDataProperties.swift"; sourceTree = SOURCE_ROOT; };
		7735B52228F6E798000946AD /* Date+Ext.swift */ = {isa = PBXFileReference; lastKnownFileType = sourcecode.swift; path = "Date+Ext.swift"; sourceTree = "<group>"; };
		7735B52428F6F9C7000946AD /* ReminderSectionHeader.swift */ = {isa = PBXFileReference; lastKnownFileType = sourcecode.swift; path = ReminderSectionHeader.swift; sourceTree = "<group>"; };
		7735B52A28F70569000946AD /* ReminderSectionHeader.xib */ = {isa = PBXFileReference; lastKnownFileType = file.xib; path = ReminderSectionHeader.xib; sourceTree = "<group>"; };
		7735B52C28F70BE9000946AD /* ReminderRow.swift */ = {isa = PBXFileReference; lastKnownFileType = sourcecode.swift; path = ReminderRow.swift; sourceTree = "<group>"; };
		7741033B28F94274009041F9 /* CreateEditReminderViewController.swift */ = {isa = PBXFileReference; lastKnownFileType = sourcecode.swift; path = CreateEditReminderViewController.swift; sourceTree = "<group>"; };
		7741033F28F9886E009041F9 /* CreateEditPresenter.swift */ = {isa = PBXFileReference; lastKnownFileType = sourcecode.swift; path = CreateEditPresenter.swift; sourceTree = "<group>"; };
		7761A22E28F5872600004144 /* SectionReminders.swift */ = {isa = PBXFileReference; lastKnownFileType = sourcecode.swift; path = SectionReminders.swift; sourceTree = "<group>"; };
		7761A23028F59A8B00004144 /* ReminderCell.xib */ = {isa = PBXFileReference; lastKnownFileType = file.xib; path = ReminderCell.xib; sourceTree = "<group>"; };
		7773F5FA28F83CC8009FF41E /* MainViewController.swift */ = {isa = PBXFileReference; lastKnownFileType = sourcecode.swift; path = MainViewController.swift; sourceTree = "<group>"; };
		7773F5FB28F83CC8009FF41E /* MainViewController.xib */ = {isa = PBXFileReference; lastKnownFileType = file.xib; path = MainViewController.xib; sourceTree = "<group>"; };
		778844C028FE9AD3006650BA /* UITextFieldWithPadding.swift */ = {isa = PBXFileReference; lastKnownFileType = sourcecode.swift; path = UITextFieldWithPadding.swift; sourceTree = "<group>"; };
		778844C228FE9AFB006650BA /* UITextViewWithPlaceholder.swift */ = {isa = PBXFileReference; lastKnownFileType = sourcecode.swift; path = UITextViewWithPlaceholder.swift; sourceTree = "<group>"; };
		778ABFCD290128390015AB78 /* String+Ext.swift */ = {isa = PBXFileReference; lastKnownFileType = sourcecode.swift; path = "String+Ext.swift"; sourceTree = "<group>"; };
		77CF2AC629015E3E00A8BA92 /* CoreDataManager.swift */ = {isa = PBXFileReference; lastKnownFileType = sourcecode.swift; path = CoreDataManager.swift; sourceTree = "<group>"; };
/* End PBXFileReference section */

/* Begin PBXFrameworksBuildPhase section */
		5581C86F28EAD1C900728C40 /* Frameworks */ = {
			isa = PBXFrameworksBuildPhase;
			buildActionMask = 2147483647;
			files = (
				5524B59B28EC3837007354DB /* FirebaseDatabase in Frameworks */,
				5524B59728EC3837007354DB /* FirebaseAnalytics in Frameworks */,
				5524B59928EC3837007354DB /* FirebaseAuth in Frameworks */,
				AB6CED67A3EE53A5AD2C4AEE /* Pods_RemindersApp.framework in Frameworks */,
			);
			runOnlyForDeploymentPostprocessing = 0;
		};
/* End PBXFrameworksBuildPhase section */

/* Begin PBXGroup section */
		5524B5A028EC4898007354DB /* Extensions */ = {
			isa = PBXGroup;
			children = (
				7735B52228F6E798000946AD /* Date+Ext.swift */,
				778ABFCD290128390015AB78 /* String+Ext.swift */,
			);
			path = Extensions;
			sourceTree = "<group>";
		};
		5554352128F061BF008ED8DB /* Constants */ = {
			isa = PBXGroup;
			children = (
				5554352228F061D9008ED8DB /* GoogleService-Info.plist */,
			);
			path = Constants;
			sourceTree = "<group>";
		};
		5581C86928EAD1C900728C40 = {
			isa = PBXGroup;
			children = (
				5581C87428EAD1C900728C40 /* RemindersApp */,
				5581C87328EAD1C900728C40 /* Products */,
				F93755775C8AD51E089A6A8D /* Pods */,
				87D9BA93E07A0161580D2C4D /* Frameworks */,
			);
			sourceTree = "<group>";
		};
		5581C87328EAD1C900728C40 /* Products */ = {
			isa = PBXGroup;
			children = (
				5581C87228EAD1C900728C40 /* RemindersApp.app */,
			);
			name = Products;
			sourceTree = "<group>";
		};
		5581C87428EAD1C900728C40 /* RemindersApp */ = {
			isa = PBXGroup;
			children = (
				5581C89428EAF35800728C40 /* Models */,
				5581C89328EAF34100728C40 /* Presentation */,
				5581C89228EAF32D00728C40 /* Business Logic */,
				5581C89128EAF31400728C40 /* Utils */,
				5581C89028EAF2D700728C40 /* Resources */,
			);
			path = RemindersApp;
			sourceTree = "<group>";
		};
		5581C89028EAF2D700728C40 /* Resources */ = {
			isa = PBXGroup;
			children = (
				5581C88628EAD1CB00728C40 /* Info.plist */,
				5581C88128EAD1CB00728C40 /* Assets.xcassets */,
				5581C88328EAD1CB00728C40 /* LaunchScreen.storyboard */,
				5581C87528EAD1C900728C40 /* AppDelegate.swift */,
				5581C87728EAD1C900728C40 /* SceneDelegate.swift */,
			);
			path = Resources;
			sourceTree = "<group>";
		};
		5581C89128EAF31400728C40 /* Utils */ = {
			isa = PBXGroup;
			children = (
				5554352128F061BF008ED8DB /* Constants */,
				5524B5A028EC4898007354DB /* Extensions */,
				5568851B28F00514004F211E /* AppContext.swift */,
			);
			path = Utils;
			sourceTree = "<group>";
		};
		5581C89228EAF32D00728C40 /* Business Logic */ = {
			isa = PBXGroup;
			children = (
				558A37A428EEFD1400801DAE /* Services */,
				558A37A328EEFD0900801DAE /* Network */,
				558A37A228EEFCFA00801DAE /* Database */,
			);
			path = "Business Logic";
			sourceTree = "<group>";
		};
		5581C89328EAF34100728C40 /* Presentation */ = {
			isa = PBXGroup;
			children = (
				778844BF28FE9AAD006650BA /* Views */,
				7773F5F328F82C30009FF41E /* Scenes */,
			);
			path = Presentation;
			sourceTree = "<group>";
		};
		5581C89428EAF35800728C40 /* Models */ = {
			isa = PBXGroup;
			children = (
				5568851928EFFB83004F211E /* User.swift */,
				55EFAA5028F40EA3004171F0 /* Reminder.swift */,
			);
			path = Models;
			sourceTree = "<group>";
		};
		5581C89528EAF36F00728C40 /* Login */ = {
			isa = PBXGroup;
			children = (
				558A379F28EEFA5700801DAE /* Presenter */,
				558A379E28EEFA4B00801DAE /* Views */,
			);
			path = Login;
			sourceTree = "<group>";
		};
		5581C89628EAF3B200728C40 /* Home */ = {
			isa = PBXGroup;
			children = (
				7761A22D28F5870300004144 /* Models */,
				558A37A128EEFA9E00801DAE /* Presenter */,
				558A37A028EEFA9600801DAE /* Views */,
				7773F5FA28F83CC8009FF41E /* MainViewController.swift */,
				7773F5FB28F83CC8009FF41E /* MainViewController.xib */,
			);
			path = Home;
			sourceTree = "<group>";
		};
		558A379E28EEFA4B00801DAE /* Views */ = {
			isa = PBXGroup;
			children = (
				5581C88C28EAD2CA00728C40 /* SignIn.storyboard */,
				5581C88E28EAE21F00728C40 /* SignInViewController.swift */,
				5524B59C28EC454F007354DB /* SignUp.storyboard */,
				5524B59E28EC470C007354DB /* SignUpViewController.swift */,
			);
			path = Views;
			sourceTree = "<group>";
		};
		558A379F28EEFA5700801DAE /* Presenter */ = {
			isa = PBXGroup;
			children = (
				558A379828EED94900801DAE /* AuthPresenter.swift */,
			);
			path = Presenter;
			sourceTree = "<group>";
		};
		558A37A028EEFA9600801DAE /* Views */ = {
			isa = PBXGroup;
			children = (
				55EFAA4E28F3FE5F004171F0 /* ReminderTableViewCell.swift */,
				7761A23028F59A8B00004144 /* ReminderCell.xib */,
				7735B52428F6F9C7000946AD /* ReminderSectionHeader.swift */,
				7735B52A28F70569000946AD /* ReminderSectionHeader.xib */,
			);
			path = Views;
			sourceTree = "<group>";
		};
		558A37A128EEFA9E00801DAE /* Presenter */ = {
			isa = PBXGroup;
			children = (
				558A379C28EED9E000801DAE /* MainPresenter.swift */,
			);
			path = Presenter;
			sourceTree = "<group>";
		};
		558A37A228EEFCFA00801DAE /* Database */ = {
			isa = PBXGroup;
			children = (
				77CF2AC8290168BE00A8BA92 /* Model */,
				5581C87E28EAD1C900728C40 /* RemindersApp.xcdatamodeld */,
				77CF2AC629015E3E00A8BA92 /* CoreDataManager.swift */,
			);
			path = Database;
			sourceTree = "<group>";
		};
		558A37A328EEFD0900801DAE /* Network */ = {
			isa = PBXGroup;
			children = (
			);
			path = Network;
			sourceTree = "<group>";
		};
		558A37A428EEFD1400801DAE /* Services */ = {
			isa = PBXGroup;
			children = (
				558A37A528EEFD6000801DAE /* AuthService.swift */,
			);
			path = Services;
			sourceTree = "<group>";
		};
		7741033A28F941EE009041F9 /* Reminder */ = {
			isa = PBXGroup;
			children = (
				7741033B28F94274009041F9 /* CreateEditReminderViewController.swift */,
				7741033F28F9886E009041F9 /* CreateEditPresenter.swift */,
			);
			path = Reminder;
			sourceTree = "<group>";
		};
		7761A22D28F5870300004144 /* Models */ = {
			isa = PBXGroup;
			children = (
				7761A22E28F5872600004144 /* SectionReminders.swift */,
				7735B52C28F70BE9000946AD /* ReminderRow.swift */,
			);
			path = Models;
			sourceTree = "<group>";
		};
		7773F5F328F82C30009FF41E /* Scenes */ = {
			isa = PBXGroup;
			children = (
				7741033A28F941EE009041F9 /* Reminder */,
				5581C89528EAF36F00728C40 /* Login */,
				5581C89628EAF3B200728C40 /* Home */,
			);
			path = Scenes;
			sourceTree = "<group>";
		};
		778844BF28FE9AAD006650BA /* Views */ = {
			isa = PBXGroup;
			children = (
				778844C028FE9AD3006650BA /* UITextFieldWithPadding.swift */,
				778844C228FE9AFB006650BA /* UITextViewWithPlaceholder.swift */,
			);
			path = Views;
			sourceTree = "<group>";
		};
		77CF2AC8290168BE00A8BA92 /* Model */ = {
			isa = PBXGroup;
			children = (
				772BC0B928FD6F6000426F6C /* ReminderItem+CoreDataClass.swift */,
				772BC0BA28FD6F6000426F6C /* ReminderItem+CoreDataProperties.swift */,
			);
			path = Model;
			sourceTree = "<group>";
		};
		87D9BA93E07A0161580D2C4D /* Frameworks */ = {
			isa = PBXGroup;
			children = (
				12751749FC442E8A10CFADC5 /* Pods_RemindersApp.framework */,
			);
			name = Frameworks;
			sourceTree = "<group>";
		};
		F93755775C8AD51E089A6A8D /* Pods */ = {
			isa = PBXGroup;
			children = (
				5A09055A056CC9A14799BFD7 /* Pods-RemindersApp.debug.xcconfig */,
				58E96A4BC2E2A0C485F0C1A1 /* Pods-RemindersApp.release.xcconfig */,
			);
			path = Pods;
			sourceTree = "<group>";
		};
/* End PBXGroup section */

/* Begin PBXNativeTarget section */
		5581C87128EAD1C900728C40 /* RemindersApp */ = {
			isa = PBXNativeTarget;
			buildConfigurationList = 5581C88928EAD1CB00728C40 /* Build configuration list for PBXNativeTarget "RemindersApp" */;
			buildPhases = (
				775A40262902AE1600CE1F9E /* SwiftLint */,
				8239B3DB0D7120F09AE88CB9 /* [CP] Check Pods Manifest.lock */,
				5581C86E28EAD1C900728C40 /* Sources */,
				5581C86F28EAD1C900728C40 /* Frameworks */,
				5581C87028EAD1C900728C40 /* Resources */,
			);
			buildRules = (
			);
			dependencies = (
			);
			name = RemindersApp;
			packageProductDependencies = (
				5524B59628EC3837007354DB /* FirebaseAnalytics */,
				5524B59828EC3837007354DB /* FirebaseAuth */,
				5524B59A28EC3837007354DB /* FirebaseDatabase */,
			);
			productName = RemindersApp;
			productReference = 5581C87228EAD1C900728C40 /* RemindersApp.app */;
			productType = "com.apple.product-type.application";
		};
/* End PBXNativeTarget section */

/* Begin PBXProject section */
		5581C86A28EAD1C900728C40 /* Project object */ = {
			isa = PBXProject;
			attributes = {
				BuildIndependentTargetsInParallel = 1;
				LastSwiftUpdateCheck = 1400;
				LastUpgradeCheck = 1400;
				TargetAttributes = {
					5581C87128EAD1C900728C40 = {
						CreatedOnToolsVersion = 14.0;
					};
				};
			};
			buildConfigurationList = 5581C86D28EAD1C900728C40 /* Build configuration list for PBXProject "RemindersApp" */;
			compatibilityVersion = "Xcode 14.0";
			developmentRegion = en;
			hasScannedForEncodings = 0;
			knownRegions = (
				en,
				Base,
			);
			mainGroup = 5581C86928EAD1C900728C40;
			packageReferences = (
				5524B59528EC3837007354DB /* XCRemoteSwiftPackageReference "firebase-ios-sdk" */,
			);
			productRefGroup = 5581C87328EAD1C900728C40 /* Products */;
			projectDirPath = "";
			projectRoot = "";
			targets = (
				5581C87128EAD1C900728C40 /* RemindersApp */,
			);
		};
/* End PBXProject section */

/* Begin PBXResourcesBuildPhase section */
		5581C87028EAD1C900728C40 /* Resources */ = {
			isa = PBXResourcesBuildPhase;
			buildActionMask = 2147483647;
			files = (
				5581C88D28EAD2CA00728C40 /* SignIn.storyboard in Resources */,
				5581C88528EAD1CB00728C40 /* LaunchScreen.storyboard in Resources */,
				7761A23128F59A8B00004144 /* ReminderCell.xib in Resources */,
				5524B59D28EC454F007354DB /* SignUp.storyboard in Resources */,
				7773F5FD28F83CC8009FF41E /* MainViewController.xib in Resources */,
				7735B52B28F70569000946AD /* ReminderSectionHeader.xib in Resources */,
				5581C88228EAD1CB00728C40 /* Assets.xcassets in Resources */,
				5554352328F061D9008ED8DB /* GoogleService-Info.plist in Resources */,
			);
			runOnlyForDeploymentPostprocessing = 0;
		};
/* End PBXResourcesBuildPhase section */

/* Begin PBXShellScriptBuildPhase section */
		775A40262902AE1600CE1F9E /* SwiftLint */ = {
			isa = PBXShellScriptBuildPhase;
			buildActionMask = 2147483647;
			files = (
			);
			inputFileListPaths = (
			);
			inputPaths = (
			);
			name = SwiftLint;
			outputFileListPaths = (
			);
			outputPaths = (
			);
			runOnlyForDeploymentPostprocessing = 0;
			shellPath = /bin/sh;
			shellScript = "\"${PODS_ROOT}/SwiftLint/swiftlint\"\n";
		};
		8239B3DB0D7120F09AE88CB9 /* [CP] Check Pods Manifest.lock */ = {
			isa = PBXShellScriptBuildPhase;
			buildActionMask = 2147483647;
			files = (
			);
			inputFileListPaths = (
			);
			inputPaths = (
				"${PODS_PODFILE_DIR_PATH}/Podfile.lock",
				"${PODS_ROOT}/Manifest.lock",
			);
			name = "[CP] Check Pods Manifest.lock";
			outputFileListPaths = (
			);
			outputPaths = (
				"$(DERIVED_FILE_DIR)/Pods-RemindersApp-checkManifestLockResult.txt",
			);
			runOnlyForDeploymentPostprocessing = 0;
			shellPath = /bin/sh;
			shellScript = "diff \"${PODS_PODFILE_DIR_PATH}/Podfile.lock\" \"${PODS_ROOT}/Manifest.lock\" > /dev/null\nif [ $? != 0 ] ; then\n    # print error to STDERR\n    echo \"error: The sandbox is not in sync with the Podfile.lock. Run 'pod install' or update your CocoaPods installation.\" >&2\n    exit 1\nfi\n# This output is used by Xcode 'outputs' to avoid re-running this script phase.\necho \"SUCCESS\" > \"${SCRIPT_OUTPUT_FILE_0}\"\n";
			showEnvVarsInLog = 0;
		};
/* End PBXShellScriptBuildPhase section */

/* Begin PBXSourcesBuildPhase section */
		5581C86E28EAD1C900728C40 /* Sources */ = {
			isa = PBXSourcesBuildPhase;
			buildActionMask = 2147483647;
			files = (
				5524B59F28EC470C007354DB /* SignUpViewController.swift in Sources */,
				5568851C28F00514004F211E /* AppContext.swift in Sources */,
				7735B52D28F70BE9000946AD /* ReminderRow.swift in Sources */,
				55EFAA4F28F3FE60004171F0 /* ReminderTableViewCell.swift in Sources */,
				7735B52528F6F9C7000946AD /* ReminderSectionHeader.swift in Sources */,
				7735B52328F6E798000946AD /* Date+Ext.swift in Sources */,
				772BC0BB28FD6F6000426F6C /* ReminderItem+CoreDataClass.swift in Sources */,
				7741034028F9886E009041F9 /* CreateEditPresenter.swift in Sources */,
				5581C87628EAD1C900728C40 /* AppDelegate.swift in Sources */,
				5581C88F28EAE21F00728C40 /* SignInViewController.swift in Sources */,
				7773F5FC28F83CC8009FF41E /* MainViewController.swift in Sources */,
				558A379928EED94900801DAE /* AuthPresenter.swift in Sources */,
				5581C87828EAD1C900728C40 /* SceneDelegate.swift in Sources */,
				558A37A628EEFD6000801DAE /* AuthService.swift in Sources */,
				77CF2AC729015E3E00A8BA92 /* CoreDataManager.swift in Sources */,
				772BC0BC28FD6F6000426F6C /* ReminderItem+CoreDataProperties.swift in Sources */,
				778844C328FE9AFB006650BA /* UITextViewWithPlaceholder.swift in Sources */,
				7741033C28F94274009041F9 /* CreateEditReminderViewController.swift in Sources */,
				778ABFCE290128390015AB78 /* String+Ext.swift in Sources */,
				5568851A28EFFB83004F211E /* User.swift in Sources */,
				7761A22F28F5872600004144 /* SectionReminders.swift in Sources */,
				5581C88028EAD1C900728C40 /* RemindersApp.xcdatamodeld in Sources */,
				778844C128FE9AD3006650BA /* UITextFieldWithPadding.swift in Sources */,
				558A379D28EED9E000801DAE /* MainPresenter.swift in Sources */,
				55EFAA5128F40EA3004171F0 /* Reminder.swift in Sources */,
			);
			runOnlyForDeploymentPostprocessing = 0;
		};
/* End PBXSourcesBuildPhase section */

/* Begin PBXVariantGroup section */
		5581C88328EAD1CB00728C40 /* LaunchScreen.storyboard */ = {
			isa = PBXVariantGroup;
			children = (
				5581C88428EAD1CB00728C40 /* Base */,
			);
			name = LaunchScreen.storyboard;
			sourceTree = "<group>";
		};
/* End PBXVariantGroup section */

/* Begin XCBuildConfiguration section */
		5581C88728EAD1CB00728C40 /* Debug */ = {
			isa = XCBuildConfiguration;
			buildSettings = {
				ALWAYS_SEARCH_USER_PATHS = NO;
				CLANG_ANALYZER_NONNULL = YES;
				CLANG_ANALYZER_NUMBER_OBJECT_CONVERSION = YES_AGGRESSIVE;
				CLANG_CXX_LANGUAGE_STANDARD = "gnu++20";
				CLANG_ENABLE_MODULES = YES;
				CLANG_ENABLE_OBJC_ARC = YES;
				CLANG_ENABLE_OBJC_WEAK = YES;
				CLANG_WARN_BLOCK_CAPTURE_AUTORELEASING = YES;
				CLANG_WARN_BOOL_CONVERSION = YES;
				CLANG_WARN_COMMA = YES;
				CLANG_WARN_CONSTANT_CONVERSION = YES;
				CLANG_WARN_DEPRECATED_OBJC_IMPLEMENTATIONS = YES;
				CLANG_WARN_DIRECT_OBJC_ISA_USAGE = YES_ERROR;
				CLANG_WARN_DOCUMENTATION_COMMENTS = YES;
				CLANG_WARN_EMPTY_BODY = YES;
				CLANG_WARN_ENUM_CONVERSION = YES;
				CLANG_WARN_INFINITE_RECURSION = YES;
				CLANG_WARN_INT_CONVERSION = YES;
				CLANG_WARN_NON_LITERAL_NULL_CONVERSION = YES;
				CLANG_WARN_OBJC_IMPLICIT_RETAIN_SELF = YES;
				CLANG_WARN_OBJC_LITERAL_CONVERSION = YES;
				CLANG_WARN_OBJC_ROOT_CLASS = YES_ERROR;
				CLANG_WARN_QUOTED_INCLUDE_IN_FRAMEWORK_HEADER = YES;
				CLANG_WARN_RANGE_LOOP_ANALYSIS = YES;
				CLANG_WARN_STRICT_PROTOTYPES = YES;
				CLANG_WARN_SUSPICIOUS_MOVE = YES;
				CLANG_WARN_UNGUARDED_AVAILABILITY = YES_AGGRESSIVE;
				CLANG_WARN_UNREACHABLE_CODE = YES;
				CLANG_WARN__DUPLICATE_METHOD_MATCH = YES;
				COPY_PHASE_STRIP = NO;
				DEBUG_INFORMATION_FORMAT = dwarf;
				ENABLE_STRICT_OBJC_MSGSEND = YES;
				ENABLE_TESTABILITY = YES;
				GCC_C_LANGUAGE_STANDARD = gnu11;
				GCC_DYNAMIC_NO_PIC = NO;
				GCC_NO_COMMON_BLOCKS = YES;
				GCC_OPTIMIZATION_LEVEL = 0;
				GCC_PREPROCESSOR_DEFINITIONS = (
					"DEBUG=1",
					"$(inherited)",
				);
				GCC_WARN_64_TO_32_BIT_CONVERSION = YES;
				GCC_WARN_ABOUT_RETURN_TYPE = YES_ERROR;
				GCC_WARN_UNDECLARED_SELECTOR = YES;
				GCC_WARN_UNINITIALIZED_AUTOS = YES_AGGRESSIVE;
				GCC_WARN_UNUSED_FUNCTION = YES;
				GCC_WARN_UNUSED_VARIABLE = YES;
				IPHONEOS_DEPLOYMENT_TARGET = 13.0;
				MTL_ENABLE_DEBUG_INFO = INCLUDE_SOURCE;
				MTL_FAST_MATH = YES;
				ONLY_ACTIVE_ARCH = YES;
				SDKROOT = iphoneos;
				SWIFT_ACTIVE_COMPILATION_CONDITIONS = DEBUG;
				SWIFT_OPTIMIZATION_LEVEL = "-Onone";
			};
			name = Debug;
		};
		5581C88828EAD1CB00728C40 /* Release */ = {
			isa = XCBuildConfiguration;
			buildSettings = {
				ALWAYS_SEARCH_USER_PATHS = NO;
				CLANG_ANALYZER_NONNULL = YES;
				CLANG_ANALYZER_NUMBER_OBJECT_CONVERSION = YES_AGGRESSIVE;
				CLANG_CXX_LANGUAGE_STANDARD = "gnu++20";
				CLANG_ENABLE_MODULES = YES;
				CLANG_ENABLE_OBJC_ARC = YES;
				CLANG_ENABLE_OBJC_WEAK = YES;
				CLANG_WARN_BLOCK_CAPTURE_AUTORELEASING = YES;
				CLANG_WARN_BOOL_CONVERSION = YES;
				CLANG_WARN_COMMA = YES;
				CLANG_WARN_CONSTANT_CONVERSION = YES;
				CLANG_WARN_DEPRECATED_OBJC_IMPLEMENTATIONS = YES;
				CLANG_WARN_DIRECT_OBJC_ISA_USAGE = YES_ERROR;
				CLANG_WARN_DOCUMENTATION_COMMENTS = YES;
				CLANG_WARN_EMPTY_BODY = YES;
				CLANG_WARN_ENUM_CONVERSION = YES;
				CLANG_WARN_INFINITE_RECURSION = YES;
				CLANG_WARN_INT_CONVERSION = YES;
				CLANG_WARN_NON_LITERAL_NULL_CONVERSION = YES;
				CLANG_WARN_OBJC_IMPLICIT_RETAIN_SELF = YES;
				CLANG_WARN_OBJC_LITERAL_CONVERSION = YES;
				CLANG_WARN_OBJC_ROOT_CLASS = YES_ERROR;
				CLANG_WARN_QUOTED_INCLUDE_IN_FRAMEWORK_HEADER = YES;
				CLANG_WARN_RANGE_LOOP_ANALYSIS = YES;
				CLANG_WARN_STRICT_PROTOTYPES = YES;
				CLANG_WARN_SUSPICIOUS_MOVE = YES;
				CLANG_WARN_UNGUARDED_AVAILABILITY = YES_AGGRESSIVE;
				CLANG_WARN_UNREACHABLE_CODE = YES;
				CLANG_WARN__DUPLICATE_METHOD_MATCH = YES;
				COPY_PHASE_STRIP = NO;
				DEBUG_INFORMATION_FORMAT = "dwarf-with-dsym";
				ENABLE_NS_ASSERTIONS = NO;
				ENABLE_STRICT_OBJC_MSGSEND = YES;
				GCC_C_LANGUAGE_STANDARD = gnu11;
				GCC_NO_COMMON_BLOCKS = YES;
				GCC_WARN_64_TO_32_BIT_CONVERSION = YES;
				GCC_WARN_ABOUT_RETURN_TYPE = YES_ERROR;
				GCC_WARN_UNDECLARED_SELECTOR = YES;
				GCC_WARN_UNINITIALIZED_AUTOS = YES_AGGRESSIVE;
				GCC_WARN_UNUSED_FUNCTION = YES;
				GCC_WARN_UNUSED_VARIABLE = YES;
				IPHONEOS_DEPLOYMENT_TARGET = 13.0;
				MTL_ENABLE_DEBUG_INFO = NO;
				MTL_FAST_MATH = YES;
				SDKROOT = iphoneos;
				SWIFT_COMPILATION_MODE = wholemodule;
				SWIFT_OPTIMIZATION_LEVEL = "-O";
				VALIDATE_PRODUCT = YES;
			};
			name = Release;
		};
		5581C88A28EAD1CB00728C40 /* Debug */ = {
			isa = XCBuildConfiguration;
			baseConfigurationReference = 5A09055A056CC9A14799BFD7 /* Pods-RemindersApp.debug.xcconfig */;
			buildSettings = {
				ASSETCATALOG_COMPILER_APPICON_NAME = AppIcon;
				ASSETCATALOG_COMPILER_GLOBAL_ACCENT_COLOR_NAME = AccentColor;
				CODE_SIGN_STYLE = Automatic;
				CURRENT_PROJECT_VERSION = 1;
				GENERATE_INFOPLIST_FILE = YES;
				INFOPLIST_FILE = RemindersApp/Resources/Info.plist;
				INFOPLIST_KEY_UIApplicationSupportsIndirectInputEvents = YES;
				INFOPLIST_KEY_UILaunchStoryboardName = "";
				INFOPLIST_KEY_UIMainStoryboardFile = SignIn;
				INFOPLIST_KEY_UISupportedInterfaceOrientations_iPad = "UIInterfaceOrientationPortrait UIInterfaceOrientationPortraitUpsideDown UIInterfaceOrientationLandscapeLeft UIInterfaceOrientationLandscapeRight";
				INFOPLIST_KEY_UISupportedInterfaceOrientations_iPhone = "UIInterfaceOrientationPortrait UIInterfaceOrientationLandscapeLeft UIInterfaceOrientationLandscapeRight";
				IPHONEOS_DEPLOYMENT_TARGET = 13.0;
				LD_RUNPATH_SEARCH_PATHS = (
					"$(inherited)",
					"@executable_path/Frameworks",
				);
				MARKETING_VERSION = 1.0;
				PRODUCT_BUNDLE_IDENTIFIER = org.letmecode.remindersapp;
				PRODUCT_NAME = "$(TARGET_NAME)";
				SWIFT_EMIT_LOC_STRINGS = YES;
				SWIFT_VERSION = 5.0;
				TARGETED_DEVICE_FAMILY = "1,2";
			};
			name = Debug;
		};
		5581C88B28EAD1CB00728C40 /* Release */ = {
			isa = XCBuildConfiguration;
			baseConfigurationReference = 58E96A4BC2E2A0C485F0C1A1 /* Pods-RemindersApp.release.xcconfig */;
			buildSettings = {
				ASSETCATALOG_COMPILER_APPICON_NAME = AppIcon;
				ASSETCATALOG_COMPILER_GLOBAL_ACCENT_COLOR_NAME = AccentColor;
				CODE_SIGN_STYLE = Automatic;
				CURRENT_PROJECT_VERSION = 1;
				GENERATE_INFOPLIST_FILE = YES;
				INFOPLIST_FILE = RemindersApp/Resources/Info.plist;
				INFOPLIST_KEY_UIApplicationSupportsIndirectInputEvents = YES;
				INFOPLIST_KEY_UILaunchStoryboardName = "";
				INFOPLIST_KEY_UIMainStoryboardFile = SignIn;
				INFOPLIST_KEY_UISupportedInterfaceOrientations_iPad = "UIInterfaceOrientationPortrait UIInterfaceOrientationPortraitUpsideDown UIInterfaceOrientationLandscapeLeft UIInterfaceOrientationLandscapeRight";
				INFOPLIST_KEY_UISupportedInterfaceOrientations_iPhone = "UIInterfaceOrientationPortrait UIInterfaceOrientationLandscapeLeft UIInterfaceOrientationLandscapeRight";
				IPHONEOS_DEPLOYMENT_TARGET = 13.0;
				LD_RUNPATH_SEARCH_PATHS = (
					"$(inherited)",
					"@executable_path/Frameworks",
				);
				MARKETING_VERSION = 1.0;
				PRODUCT_BUNDLE_IDENTIFIER = org.letmecode.remindersapp;
				PRODUCT_NAME = "$(TARGET_NAME)";
				SWIFT_EMIT_LOC_STRINGS = YES;
				SWIFT_VERSION = 5.0;
				TARGETED_DEVICE_FAMILY = "1,2";
			};
			name = Release;
		};
/* End XCBuildConfiguration section */

/* Begin XCConfigurationList section */
		5581C86D28EAD1C900728C40 /* Build configuration list for PBXProject "RemindersApp" */ = {
			isa = XCConfigurationList;
			buildConfigurations = (
				5581C88728EAD1CB00728C40 /* Debug */,
				5581C88828EAD1CB00728C40 /* Release */,
			);
			defaultConfigurationIsVisible = 0;
			defaultConfigurationName = Release;
		};
		5581C88928EAD1CB00728C40 /* Build configuration list for PBXNativeTarget "RemindersApp" */ = {
			isa = XCConfigurationList;
			buildConfigurations = (
				5581C88A28EAD1CB00728C40 /* Debug */,
				5581C88B28EAD1CB00728C40 /* Release */,
			);
			defaultConfigurationIsVisible = 0;
			defaultConfigurationName = Release;
		};
/* End XCConfigurationList section */

/* Begin XCRemoteSwiftPackageReference section */
		5524B59528EC3837007354DB /* XCRemoteSwiftPackageReference "firebase-ios-sdk" */ = {
			isa = XCRemoteSwiftPackageReference;
			repositoryURL = "https://github.com/firebase/firebase-ios-sdk";
			requirement = {
				kind = upToNextMajorVersion;
				minimumVersion = 9.0.0;
			};
		};
/* End XCRemoteSwiftPackageReference section */

/* Begin XCSwiftPackageProductDependency section */
		5524B59628EC3837007354DB /* FirebaseAnalytics */ = {
			isa = XCSwiftPackageProductDependency;
			package = 5524B59528EC3837007354DB /* XCRemoteSwiftPackageReference "firebase-ios-sdk" */;
			productName = FirebaseAnalytics;
		};
		5524B59828EC3837007354DB /* FirebaseAuth */ = {
			isa = XCSwiftPackageProductDependency;
			package = 5524B59528EC3837007354DB /* XCRemoteSwiftPackageReference "firebase-ios-sdk" */;
			productName = FirebaseAuth;
		};
		5524B59A28EC3837007354DB /* FirebaseDatabase */ = {
			isa = XCSwiftPackageProductDependency;
			package = 5524B59528EC3837007354DB /* XCRemoteSwiftPackageReference "firebase-ios-sdk" */;
			productName = FirebaseDatabase;
		};
/* End XCSwiftPackageProductDependency section */

/* Begin XCVersionGroup section */
		5581C87E28EAD1C900728C40 /* RemindersApp.xcdatamodeld */ = {
			isa = XCVersionGroup;
			children = (
				5581C87F28EAD1C900728C40 /* RemindersApp.xcdatamodel */,
			);
			currentVersion = 5581C87F28EAD1C900728C40 /* RemindersApp.xcdatamodel */;
			path = RemindersApp.xcdatamodeld;
			sourceTree = "<group>";
			versionGroupType = wrapper.xcdatamodel;
		};
/* End XCVersionGroup section */
	};
	rootObject = 5581C86A28EAD1C900728C40 /* Project object */;
}
